
Microsoft Visual Studio Solution File, Format Version 12.00
# Visual Studio Version 17
VisualStudioVersion = 17.2.32630.192
MinimumVisualStudioVersion = 10.0.40219.1
Project("{2150E333-8FDC-42A3-9474-1A3956D46DE8}") = "src", "src", "{EFC714B4-C640-4A99-9ECF-458BA4984F82}"
EndProject
Project("{9A19103F-16F7-4668-BE54-9A1E7A4F7556}") = "LetMePark.Api", "src\LetMePark.Api\LetMePark.Api.csproj", "{31CD84DC-B0AD-4CD6-BBB6-E465EB2C8D78}"
EndProject
Project("{2150E333-8FDC-42A3-9474-1A3956D46DE8}") = "tests", "tests", "{49EE502C-B0AD-412F-AB0B-0308A9841F89}"
EndProject
Project("{9A19103F-16F7-4668-BE54-9A1E7A4F7556}") = "LetMePark.Tests.Unit", "tests\LetMePark.Tests.Unit\LetMePark.Tests.Unit.csproj", "{20B85011-6D4B-4BF9-B4C2-B301FA775EE5}"
EndProject
Project("{FAE04EC0-301F-11D3-BF4B-00C04F79EFBC}") = "LetMePark.Core", "LetMePark.Core\LetMePark.Core.csproj", "{9F282EDB-DB53-436C-89B3-3847311BAD74}"
EndProject
Project("{FAE04EC0-301F-11D3-BF4B-00C04F79EFBC}") = "LetMePark.Application", "LetMePark.Application\LetMePark.Application.csproj", "{C79A69F1-E455-4F7A-874C-EB5DD83AC0DA}"
EndProject
Project("{FAE04EC0-301F-11D3-BF4B-00C04F79EFBC}") = "LetMePark.Infrastructure", "LetMePark.Infrastructure\LetMePark.Infrastructure.csproj", "{3A29E44F-28BD-45A5-AD18-38C3625FAABF}"
EndProject
Project("{FAE04EC0-301F-11D3-BF4B-00C04F79EFBC}") = "LetMePark.Tests.Integration", "tests\LetMePark.Tests.Integration\LetMePark.Tests.Integration.csproj", "{14435509-4690-4245-A873-9076739AB755}"
EndProject
Global
	GlobalSection(SolutionConfigurationPlatforms) = preSolution
		Debug|Any CPU = Debug|Any CPU
		Release|Any CPU = Release|Any CPU
	EndGlobalSection
	GlobalSection(ProjectConfigurationPlatforms) = postSolution
		{31CD84DC-B0AD-4CD6-BBB6-E465EB2C8D78}.Debug|Any CPU.ActiveCfg = Debug|Any CPU
		{31CD84DC-B0AD-4CD6-BBB6-E465EB2C8D78}.Debug|Any CPU.Build.0 = Debug|Any CPU
		{31CD84DC-B0AD-4CD6-BBB6-E465EB2C8D78}.Release|Any CPU.ActiveCfg = Release|Any CPU
		{31CD84DC-B0AD-4CD6-BBB6-E465EB2C8D78}.Release|Any CPU.Build.0 = Release|Any CPU
		{20B85011-6D4B-4BF9-B4C2-B301FA775EE5}.Debug|Any CPU.ActiveCfg = Debug|Any CPU
		{20B85011-6D4B-4BF9-B4C2-B301FA775EE5}.Debug|Any CPU.Build.0 = Debug|Any CPU
		{20B85011-6D4B-4BF9-B4C2-B301FA775EE5}.Release|Any CPU.ActiveCfg = Release|Any CPU
		{20B85011-6D4B-4BF9-B4C2-B301FA775EE5}.Release|Any CPU.Build.0 = Release|Any CPU
		{9F282EDB-DB53-436C-89B3-3847311BAD74}.Debug|Any CPU.ActiveCfg = Debug|Any CPU
		{9F282EDB-DB53-436C-89B3-3847311BAD74}.Debug|Any CPU.Build.0 = Debug|Any CPU
		{9F282EDB-DB53-436C-89B3-3847311BAD74}.Release|Any CPU.ActiveCfg = Release|Any CPU
		{9F282EDB-DB53-436C-89B3-3847311BAD74}.Release|Any CPU.Build.0 = Release|Any CPU
		{C79A69F1-E455-4F7A-874C-EB5DD83AC0DA}.Debug|Any CPU.ActiveCfg = Debug|Any CPU
		{C79A69F1-E455-4F7A-874C-EB5DD83AC0DA}.Debug|Any CPU.Build.0 = Debug|Any CPU
		{C79A69F1-E455-4F7A-874C-EB5DD83AC0DA}.Release|Any CPU.ActiveCfg = Release|Any CPU
		{C79A69F1-E455-4F7A-874C-EB5DD83AC0DA}.Release|Any CPU.Build.0 = Release|Any CPU
		{3A29E44F-28BD-45A5-AD18-38C3625FAABF}.Debug|Any CPU.ActiveCfg = Debug|Any CPU
		{3A29E44F-28BD-45A5-AD18-38C3625FAABF}.Debug|Any CPU.Build.0 = Debug|Any CPU
		{3A29E44F-28BD-45A5-AD18-38C3625FAABF}.Release|Any CPU.ActiveCfg = Release|Any CPU
		{3A29E44F-28BD-45A5-AD18-38C3625FAABF}.Release|Any CPU.Build.0 = Release|Any CPU
		{14435509-4690-4245-A873-9076739AB755}.Debug|Any CPU.ActiveCfg = Debug|Any CPU
		{14435509-4690-4245-A873-9076739AB755}.Debug|Any CPU.Build.0 = Debug|Any CPU
		{14435509-4690-4245-A873-9076739AB755}.Release|Any CPU.ActiveCfg = Release|Any CPU
		{14435509-4690-4245-A873-9076739AB755}.Release|Any CPU.Build.0 = Release|Any CPU
	EndGlobalSection
	GlobalSection(SolutionProperties) = preSolution
		HideSolutionNode = FALSE
	EndGlobalSection
	GlobalSection(NestedProjects) = preSolution
		{31CD84DC-B0AD-4CD6-BBB6-E465EB2C8D78} = {EFC714B4-C640-4A99-9ECF-458BA4984F82}
		{20B85011-6D4B-4BF9-B4C2-B301FA775EE5} = {49EE502C-B0AD-412F-AB0B-0308A9841F89}
		{9F282EDB-DB53-436C-89B3-3847311BAD74} = {EFC714B4-C640-4A99-9ECF-458BA4984F82}
		{C79A69F1-E455-4F7A-874C-EB5DD83AC0DA} = {EFC714B4-C640-4A99-9ECF-458BA4984F82}
		{3A29E44F-28BD-45A5-AD18-38C3625FAABF} = {EFC714B4-C640-4A99-9ECF-458BA4984F82}
		{14435509-4690-4245-A873-9076739AB755} = {49EE502C-B0AD-412F-AB0B-0308A9841F89}
	EndGlobalSection
	GlobalSection(ExtensibilityGlobals) = postSolution
		SolutionGuid = {9185741A-1122-42B4-BAFB-4C109CEFB1BA}
	EndGlobalSection
EndGlobal
